
Microsoft Visual Studio Solution File, Format Version 12.00
# Visual Studio 2013
VisualStudioVersion = 12.0.40629.0
MinimumVisualStudioVersion = 10.0.40219.1
Project("{FAE04EC0-301F-11D3-BF4B-00C04F79EFBC}") = "FlatBuffers_Net35", "FlatBuffers_Net35\FlatBuffers_Net35.csproj", "{28C00774-1E73-4A75-AD8F-844CD21A064D}"
EndProject
Project("{FAE04EC0-301F-11D3-BF4B-00C04F79EFBC}") = "FlatBuffers_Net35.Unsafe", "FlatBuffers_Net35.Unsafe\FlatBuffers_Net35.Unsafe.csproj", "{7354F481-A26B-4B39-B1EE-E519A54D1166}"
EndProject
Project("{FAE04EC0-301F-11D3-BF4B-00C04F79EFBC}") = "FlatBench_Net35", "FlatBench_Net35\FlatBench_Net35.csproj", "{75447F72-F47D-48BA-9235-0E262316CDFC}"
EndProject
Project("{2150E333-8FDC-42A3-9474-1A3956D46DE8}") = "Net35", "Net35", "{502CB585-B9C7-4633-ABDC-B696530981E5}"
EndProject
Project("{2150E333-8FDC-42A3-9474-1A3956D46DE8}") = "Net35.Unsafe", "Net35.Unsafe", "{09D91698-2053-4395-9EDA-7B72AB2FB2D5}"
EndProject
Project("{FAE04EC0-301F-11D3-BF4B-00C04F79EFBC}") = "FlatBench_Net35.Unsafe", "FlatBench_Net35.Unsafe\FlatBench_Net35.Unsafe.csproj", "{89DE6B32-2E4B-4C7A-A8A7-A997E5B921C2}"
EndProject
Project("{2150E333-8FDC-42A3-9474-1A3956D46DE8}") = "Net45", "Net45", "{281B0F78-87B7-49CB-99A2-59D9CC917DE5}"
EndProject
Project("{FAE04EC0-301F-11D3-BF4B-00C04F79EFBC}") = "FlatBench_Net45", "FlatBench_Net45\FlatBench_Net45.csproj", "{C04C8A45-BF4F-4D4D-87EB-FBA3AB9AE2DC}"
EndProject
Project("{FAE04EC0-301F-11D3-BF4B-00C04F79EFBC}") = "FlatBuffers_Net45", "FlatBuffers_Net45\FlatBuffers_Net45.csproj", "{5E306113-13E2-4CAB-86F2-BF12047E343A}"
EndProject
Project("{2150E333-8FDC-42A3-9474-1A3956D46DE8}") = "Net45.Unsafe", "Net45.Unsafe", "{BE6590AA-AF44-453E-B373-B71763F309A0}"
EndProject
Project("{FAE04EC0-301F-11D3-BF4B-00C04F79EFBC}") = "FlatBuffers_Net45.Unsafe", "FlatBuffers_Net45.Unsafe\FlatBuffers_Net45.Unsafe.csproj", "{7F616C1F-DCF2-48C5-ACDB-B720AD21FD3C}"
EndProject
Project("{FAE04EC0-301F-11D3-BF4B-00C04F79EFBC}") = "FlatBench_Net45.Unsafe", "FlatBench_Net45.Unsafe\FlatBench_Net45.Unsafe.csproj", "{1FE3C960-399C-4D70-9CB8-FF2B127A186E}"
EndProject
Global
	GlobalSection(SolutionConfigurationPlatforms) = preSolution
		Debug|Any CPU = Debug|Any CPU
		Release|Any CPU = Release|Any CPU
	EndGlobalSection
	GlobalSection(ProjectConfigurationPlatforms) = postSolution
		{28C00774-1E73-4A75-AD8F-844CD21A064D}.Debug|Any CPU.ActiveCfg = Debug|Any CPU
		{28C00774-1E73-4A75-AD8F-844CD21A064D}.Debug|Any CPU.Build.0 = Debug|Any CPU
		{28C00774-1E73-4A75-AD8F-844CD21A064D}.Release|Any CPU.ActiveCfg = Release|Any CPU
		{28C00774-1E73-4A75-AD8F-844CD21A064D}.Release|Any CPU.Build.0 = Release|Any CPU
		{7354F481-A26B-4B39-B1EE-E519A54D1166}.Debug|Any CPU.ActiveCfg = Debug|Any CPU
		{7354F481-A26B-4B39-B1EE-E519A54D1166}.Debug|Any CPU.Build.0 = Debug|Any CPU
		{7354F481-A26B-4B39-B1EE-E519A54D1166}.Release|Any CPU.ActiveCfg = Release|Any CPU
		{7354F481-A26B-4B39-B1EE-E519A54D1166}.Release|Any CPU.Build.0 = Release|Any CPU
		{75447F72-F47D-48BA-9235-0E262316CDFC}.Debug|Any CPU.ActiveCfg = Debug|Any CPU
		{75447F72-F47D-48BA-9235-0E262316CDFC}.Debug|Any CPU.Build.0 = Debug|Any CPU
		{75447F72-F47D-48BA-9235-0E262316CDFC}.Release|Any CPU.ActiveCfg = Release|Any CPU
		{75447F72-F47D-48BA-9235-0E262316CDFC}.Release|Any CPU.Build.0 = Release|Any CPU
		{89DE6B32-2E4B-4C7A-A8A7-A997E5B921C2}.Debug|Any CPU.ActiveCfg = Debug|Any CPU
		{89DE6B32-2E4B-4C7A-A8A7-A997E5B921C2}.Debug|Any CPU.Build.0 = Debug|Any CPU
		{89DE6B32-2E4B-4C7A-A8A7-A997E5B921C2}.Release|Any CPU.ActiveCfg = Release|Any CPU
		{89DE6B32-2E4B-4C7A-A8A7-A997E5B921C2}.Release|Any CPU.Build.0 = Release|Any CPU
		{C04C8A45-BF4F-4D4D-87EB-FBA3AB9AE2DC}.Debug|Any CPU.ActiveCfg = Debug|Any CPU
		{C04C8A45-BF4F-4D4D-87EB-FBA3AB9AE2DC}.Debug|Any CPU.Build.0 = Debug|Any CPU
		{C04C8A45-BF4F-4D4D-87EB-FBA3AB9AE2DC}.Release|Any CPU.ActiveCfg = Release|Any CPU
		{C04C8A45-BF4F-4D4D-87EB-FBA3AB9AE2DC}.Release|Any CPU.Build.0 = Release|Any CPU
		{5E306113-13E2-4CAB-86F2-BF12047E343A}.Debug|Any CPU.ActiveCfg = Debug|Any CPU
		{5E306113-13E2-4CAB-86F2-BF12047E343A}.Debug|Any CPU.Build.0 = Debug|Any CPU
		{5E306113-13E2-4CAB-86F2-BF12047E343A}.Release|Any CPU.ActiveCfg = Release|Any CPU
		{5E306113-13E2-4CAB-86F2-BF12047E343A}.Release|Any CPU.Build.0 = Release|Any CPU
		{7F616C1F-DCF2-48C5-ACDB-B720AD21FD3C}.Debug|Any CPU.ActiveCfg = Debug|Any CPU
		{7F616C1F-DCF2-48C5-ACDB-B720AD21FD3C}.Debug|Any CPU.Build.0 = Debug|Any CPU
		{7F616C1F-DCF2-48C5-ACDB-B720AD21FD3C}.Release|Any CPU.ActiveCfg = Release|Any CPU
		{7F616C1F-DCF2-48C5-ACDB-B720AD21FD3C}.Release|Any CPU.Build.0 = Release|Any CPU
		{1FE3C960-399C-4D70-9CB8-FF2B127A186E}.Debug|Any CPU.ActiveCfg = Debug|Any CPU
		{1FE3C960-399C-4D70-9CB8-FF2B127A186E}.Debug|Any CPU.Build.0 = Debug|Any CPU
		{1FE3C960-399C-4D70-9CB8-FF2B127A186E}.Release|Any CPU.ActiveCfg = Release|Any CPU
		{1FE3C960-399C-4D70-9CB8-FF2B127A186E}.Release|Any CPU.Build.0 = Release|Any CPU
	EndGlobalSection
	GlobalSection(SolutionProperties) = preSolution
		HideSolutionNode = FALSE
	EndGlobalSection
	GlobalSection(NestedProjects) = preSolution
		{28C00774-1E73-4A75-AD8F-844CD21A064D} = {502CB585-B9C7-4633-ABDC-B696530981E5}
		{7354F481-A26B-4B39-B1EE-E519A54D1166} = {09D91698-2053-4395-9EDA-7B72AB2FB2D5}
		{75447F72-F47D-48BA-9235-0E262316CDFC} = {502CB585-B9C7-4633-ABDC-B696530981E5}
		{89DE6B32-2E4B-4C7A-A8A7-A997E5B921C2} = {09D91698-2053-4395-9EDA-7B72AB2FB2D5}
		{C04C8A45-BF4F-4D4D-87EB-FBA3AB9AE2DC} = {281B0F78-87B7-49CB-99A2-59D9CC917DE5}
		{5E306113-13E2-4CAB-86F2-BF12047E343A} = {281B0F78-87B7-49CB-99A2-59D9CC917DE5}
		{7F616C1F-DCF2-48C5-ACDB-B720AD21FD3C} = {BE6590AA-AF44-453E-B373-B71763F309A0}
		{1FE3C960-399C-4D70-9CB8-FF2B127A186E} = {BE6590AA-AF44-453E-B373-B71763F309A0}
	EndGlobalSection
EndGlobal
